
Microsoft Visual Studio Solution File, Format Version 12.00
# Visual Studio Version 17
VisualStudioVersion = 17.8.34525.116
MinimumVisualStudioVersion = 10.0.40219.1
Project("{8BC9CEB8-8B4A-11D0-8D11-00A0C91BC942}") = "HomeWork5.2", "HomeWork5.2.vcxproj", "{AD63457C-ECD5-4526-97AA-3A004AA282A4}"
EndProject
Global
	GlobalSection(SolutionConfigurationPlatforms) = preSolution
		Debug|x64 = Debug|x64
		Debug|x86 = Debug|x86
		Release|x64 = Release|x64
		Release|x86 = Release|x86
	EndGlobalSection
	GlobalSection(ProjectConfigurationPlatforms) = postSolution
		{AD63457C-ECD5-4526-97AA-3A004AA282A4}.Debug|x64.ActiveCfg = Debug|x64
		{AD63457C-ECD5-4526-97AA-3A004AA282A4}.Debug|x64.Build.0 = Debug|x64
		{AD63457C-ECD5-4526-97AA-3A004AA282A4}.Debug|x86.ActiveCfg = Debug|Win32
		{AD63457C-ECD5-4526-97AA-3A004AA282A4}.Debug|x86.Build.0 = Debug|Win32
		{AD63457C-ECD5-4526-97AA-3A004AA282A4}.Release|x64.ActiveCfg = Release|x64
		{AD63457C-ECD5-4526-97AA-3A004AA282A4}.Release|x64.Build.0 = Release|x64
		{AD63457C-ECD5-4526-97AA-3A004AA282A4}.Release|x86.ActiveCfg = Release|Win32
		{AD63457C-ECD5-4526-97AA-3A004AA282A4}.Release|x86.Build.0 = Release|Win32
	EndGlobalSection
	GlobalSection(SolutionProperties) = preSolution
		HideSolutionNode = FALSE
	EndGlobalSection
	GlobalSection(ExtensibilityGlobals) = postSolution
		SolutionGuid = {49AD9A41-8FB3-4AA5-A723-FC019A36B66D}
	EndGlobalSection
EndGlobal
