
Microsoft Visual Studio Solution File, Format Version 12.00
# Visual Studio Version 17
VisualStudioVersion = 17.8.34525.116
MinimumVisualStudioVersion = 10.0.40219.1
Project("{8BC9CEB8-8B4A-11D0-8D11-00A0C91BC942}") = "HomeWork3.3.1", "HomeWork3.3.1.vcxproj", "{778C684E-3308-4A0A-B6B4-DDAACAFB1128}"
EndProject
Global
	GlobalSection(SolutionConfigurationPlatforms) = preSolution
		Debug|x64 = Debug|x64
		Debug|x86 = Debug|x86
		Release|x64 = Release|x64
		Release|x86 = Release|x86
	EndGlobalSection
	GlobalSection(ProjectConfigurationPlatforms) = postSolution
		{778C684E-3308-4A0A-B6B4-DDAACAFB1128}.Debug|x64.ActiveCfg = Debug|x64
		{778C684E-3308-4A0A-B6B4-DDAACAFB1128}.Debug|x64.Build.0 = Debug|x64
		{778C684E-3308-4A0A-B6B4-DDAACAFB1128}.Debug|x86.ActiveCfg = Debug|Win32
		{778C684E-3308-4A0A-B6B4-DDAACAFB1128}.Debug|x86.Build.0 = Debug|Win32
		{778C684E-3308-4A0A-B6B4-DDAACAFB1128}.Release|x64.ActiveCfg = Release|x64
		{778C684E-3308-4A0A-B6B4-DDAACAFB1128}.Release|x64.Build.0 = Release|x64
		{778C684E-3308-4A0A-B6B4-DDAACAFB1128}.Release|x86.ActiveCfg = Release|Win32
		{778C684E-3308-4A0A-B6B4-DDAACAFB1128}.Release|x86.Build.0 = Release|Win32
	EndGlobalSection
	GlobalSection(SolutionProperties) = preSolution
		HideSolutionNode = FALSE
	EndGlobalSection
	GlobalSection(ExtensibilityGlobals) = postSolution
		SolutionGuid = {5644984B-93FE-4B2C-AC4A-D5DDC3B41D15}
	EndGlobalSection
EndGlobal
