
Microsoft Visual Studio Solution File, Format Version 12.00
# Visual Studio Version 17
VisualStudioVersion = 17.8.34525.116
MinimumVisualStudioVersion = 10.0.40219.1
Project("{8BC9CEB8-8B4A-11D0-8D11-00A0C91BC942}") = "HomeWork2.5.2", "HomeWork2.5.2.vcxproj", "{4D930FC8-2567-4046-81FC-ECD06EF4F41B}"
EndProject
Global
	GlobalSection(SolutionConfigurationPlatforms) = preSolution
		Debug|x64 = Debug|x64
		Debug|x86 = Debug|x86
		Release|x64 = Release|x64
		Release|x86 = Release|x86
	EndGlobalSection
	GlobalSection(ProjectConfigurationPlatforms) = postSolution
		{4D930FC8-2567-4046-81FC-ECD06EF4F41B}.Debug|x64.ActiveCfg = Debug|x64
		{4D930FC8-2567-4046-81FC-ECD06EF4F41B}.Debug|x64.Build.0 = Debug|x64
		{4D930FC8-2567-4046-81FC-ECD06EF4F41B}.Debug|x86.ActiveCfg = Debug|Win32
		{4D930FC8-2567-4046-81FC-ECD06EF4F41B}.Debug|x86.Build.0 = Debug|Win32
		{4D930FC8-2567-4046-81FC-ECD06EF4F41B}.Release|x64.ActiveCfg = Release|x64
		{4D930FC8-2567-4046-81FC-ECD06EF4F41B}.Release|x64.Build.0 = Release|x64
		{4D930FC8-2567-4046-81FC-ECD06EF4F41B}.Release|x86.ActiveCfg = Release|Win32
		{4D930FC8-2567-4046-81FC-ECD06EF4F41B}.Release|x86.Build.0 = Release|Win32
	EndGlobalSection
	GlobalSection(SolutionProperties) = preSolution
		HideSolutionNode = FALSE
	EndGlobalSection
	GlobalSection(ExtensibilityGlobals) = postSolution
		SolutionGuid = {4DE0816E-DE4B-43B8-821E-BCF3DF528530}
	EndGlobalSection
EndGlobal
